# THIS IS AN AUTOGENERATED FILE. DO NOT EDIT THIS FILE DIRECTLY.
# yarn lockfile v1


"js-tokens@^3.0.0 || ^4.0.0":
  version "4.0.0"
  resolved "https://registry.npmjs.intuit.com:443/artifactory/api/npm/npm-intuit/js-tokens/-/js-tokens-4.0.0.tgz#19203fb59991df98e3a287050d4647cdeaf32499"
  integrity sha1-GSA/tZmR35jjoocFDUZHzerzJJk=

loose-envify@^1.1.0:
  version "1.4.0"
  resolved "https://registry.npmjs.intuit.com:443/artifactory/api/npm/npm-intuit/loose-envify/-/loose-envify-1.4.0.tgz#71ee51fa7be4caec1a63839f7e682d8132d30caf"
  integrity sha1-ce5R+nvkyuwaY4OffmgtgTLTDK8=
  dependencies:
    js-tokens "^3.0.0 || ^4.0.0"

object-assign@^4.1.1:
  version "4.1.1"
  resolved "https://registry.npmjs.intuit.com:443/artifactory/api/npm/npm-intuit/object-assign/-/object-assign-4.1.1.tgz#2109adc7965887cfc05cbbd442cac8bfbb360863"
  integrity sha1-IQmtx5ZYh8/AXLvUQsrIv7s2CGM=

"react-is@^16.12.0 || ^17.0.0 || ^18.0.0", react-is@^18.2.0:
  version "18.2.0"
  resolved "https://registry.npmjs.intuit.com:443/artifactory/api/npm/npm-intuit/react-is/-/react-is-18.2.0.tgz#199431eeaaa2e09f86427efbb4f1473edb47609b"
  integrity sha1-GZQx7qqi4J+GQn77tPFHPttHYJs=

react-shallow-renderer@^16.15.0:
  version "16.15.0"
  resolved "https://registry.npmjs.intuit.com:443/artifactory/api/npm/npm-intuit/react-shallow-renderer/-/react-shallow-renderer-16.15.0.tgz#48fb2cf9b23d23cde96708fe5273a7d3446f4457"
  integrity sha1-SPss+bI9I83pZwj+UnOn00RvRFc=
  dependencies:
    object-assign "^4.1.1"
    react-is "^16.12.0 || ^17.0.0 || ^18.0.0"

react-test-renderer@^18.2.0:
  version "18.2.0"
  resolved "https://registry.npmjs.intuit.com:443/artifactory/api/npm/npm-intuit/react-test-renderer/-/react-test-renderer-18.2.0.tgz#1dd912bd908ff26da5b9fca4fd1c489b9523d37e"
  integrity sha1-HdkSvZCP8m2lufyk/RxIm5Uj034=
  dependencies:
    react-is "^18.2.0"
    react-shallow-renderer "^16.15.0"
    scheduler "^0.23.0"

scheduler@^0.23.0:
  version "0.23.0"
  resolved "https://registry.npmjs.intuit.com:443/artifactory/api/npm/npm-intuit/scheduler/-/scheduler-0.23.0.tgz#ba8041afc3d30eb206a487b6b384002e4e61fdfe"
  integrity sha1-uoBBr8PTDrIGpIe2s4QALk5h/f4=
  dependencies:
    loose-envify "^1.1.0"
